{
  "name": "privacy-blur-node-example",
  "version": "0.1.1",
  "lockfileVersion": 3,
  "requires": true,
  "packages": {
    "": {
      "name": "privacy-blur-node-example",
      "version": "0.1.1",
      "dependencies": {
        "@bgblur/privacy-blur": "file:../.."
      },
      "engines": {
        "node": ">=18.17"
      }
    },
    "../..": {
      "name": "@bgblur/privacy-blur",
      "version": "0.1.0",
      "license": "MIT",
      "bin": {
        "privacy-blur": "src/cli.js"
      },
      "engines": {
        "node": ">=18.17"
      }
    },
    "node_modules/@bgblur/privacy-blur": {
      "resolved": "../..",
      "link": true
    }
  }
}
